// !$*UTF8*$!
{
	archiveVersion = 1;
	classes = {
	};
	objectVersion = 50;
	objects = {

/* Begin PBXBuildFile section */
		14434E3D2568A4070096AD65 /* Extensions.swift in Sources */ = {isa = PBXBuildFile; fileRef = 14434E3C2568A4070096AD65 /* Extensions.swift */; };
		14434E4125694B2D0096AD65 /* WordMaker.swift in Sources */ = {isa = PBXBuildFile; fileRef = 14434E4025694B2D0096AD65 /* WordMaker.swift */; };
		1445C41B25684C140089AF67 /* MagneticPoetryApp.swift in Sources */ = {isa = PBXBuildFile; fileRef = 1445C41A25684C140089AF67 /* MagneticPoetryApp.swift */; };
		1445C41D25684C140089AF67 /* ContentView.swift in Sources */ = {isa = PBXBuildFile; fileRef = 1445C41C25684C140089AF67 /* ContentView.swift */; };
		1445C41F25684C150089AF67 /* Assets.xcassets in Resources */ = {isa = PBXBuildFile; fileRef = 1445C41E25684C150089AF67 /* Assets.xcassets */; };
		1445C42225684C150089AF67 /* Preview Assets.xcassets in Resources */ = {isa = PBXBuildFile; fileRef = 1445C42125684C150089AF67 /* Preview Assets.xcassets */; };
		1466DD9F2569D15A0098C17D /* NewWord.swift in Sources */ = {isa = PBXBuildFile; fileRef = 1466DD9E2569D15A0098C17D /* NewWord.swift */; };
		1466DDA6256A064F0098C17D /* WordView.swift in Sources */ = {isa = PBXBuildFile; fileRef = 1466DDA5256A064F0098C17D /* WordView.swift */; };
		1466DDAA256A06870098C17D /* PartOfSpeechView.swift in Sources */ = {isa = PBXBuildFile; fileRef = 1466DDA9256A06870098C17D /* PartOfSpeechView.swift */; };
		1466DDAF256A07DA0098C17D /* NewWordMenuView.swift in Sources */ = {isa = PBXBuildFile; fileRef = 1466DDAE256A07DA0098C17D /* NewWordMenuView.swift */; };
		14814D0D256CAC47006E19D1 /* ModifiersView.swift in Sources */ = {isa = PBXBuildFile; fileRef = 14814D0C256CAC47006E19D1 /* ModifiersView.swift */; };
		14814D10256CACA7006E19D1 /* ModifierView.swift in Sources */ = {isa = PBXBuildFile; fileRef = 14814D0F256CACA7006E19D1 /* ModifierView.swift */; };
		1499166325688E56000FBD1B /* QGrid.swift in Sources */ = {isa = PBXBuildFile; fileRef = 1499166225688E56000FBD1B /* QGrid.swift */; };
/* End PBXBuildFile section */

/* Begin PBXFileReference section */
		14434E3C2568A4070096AD65 /* Extensions.swift */ = {isa = PBXFileReference; lastKnownFileType = sourcecode.swift; path = Extensions.swift; sourceTree = "<group>"; };
		14434E4025694B2D0096AD65 /* WordMaker.swift */ = {isa = PBXFileReference; lastKnownFileType = sourcecode.swift; path = WordMaker.swift; sourceTree = "<group>"; };
		1445C41725684C140089AF67 /* MagneticPoetry.app */ = {isa = PBXFileReference; explicitFileType = wrapper.application; includeInIndex = 0; path = MagneticPoetry.app; sourceTree = BUILT_PRODUCTS_DIR; };
		1445C41A25684C140089AF67 /* MagneticPoetryApp.swift */ = {isa = PBXFileReference; lastKnownFileType = sourcecode.swift; path = MagneticPoetryApp.swift; sourceTree = "<group>"; };
		1445C41C25684C140089AF67 /* ContentView.swift */ = {isa = PBXFileReference; lastKnownFileType = sourcecode.swift; path = ContentView.swift; sourceTree = "<group>"; };
		1445C41E25684C150089AF67 /* Assets.xcassets */ = {isa = PBXFileReference; lastKnownFileType = folder.assetcatalog; path = Assets.xcassets; sourceTree = "<group>"; };
		1445C42125684C150089AF67 /* Preview Assets.xcassets */ = {isa = PBXFileReference; lastKnownFileType = folder.assetcatalog; path = "Preview Assets.xcassets"; sourceTree = "<group>"; };
		1445C42325684C150089AF67 /* Info.plist */ = {isa = PBXFileReference; lastKnownFileType = text.plist.xml; path = Info.plist; sourceTree = "<group>"; };
		1466DD9E2569D15A0098C17D /* NewWord.swift */ = {isa = PBXFileReference; lastKnownFileType = sourcecode.swift; path = NewWord.swift; sourceTree = "<group>"; };
		1466DDA5256A064F0098C17D /* WordView.swift */ = {isa = PBXFileReference; lastKnownFileType = sourcecode.swift; path = WordView.swift; sourceTree = "<group>"; };
		1466DDA9256A06870098C17D /* PartOfSpeechView.swift */ = {isa = PBXFileReference; lastKnownFileType = sourcecode.swift; path = PartOfSpeechView.swift; sourceTree = "<group>"; };
		1466DDAE256A07DA0098C17D /* NewWordMenuView.swift */ = {isa = PBXFileReference; lastKnownFileType = sourcecode.swift; path = NewWordMenuView.swift; sourceTree = "<group>"; };
		14814D0C256CAC47006E19D1 /* ModifiersView.swift */ = {isa = PBXFileReference; lastKnownFileType = sourcecode.swift; path = ModifiersView.swift; sourceTree = "<group>"; };
		14814D0F256CACA7006E19D1 /* ModifierView.swift */ = {isa = PBXFileReference; lastKnownFileType = sourcecode.swift; path = ModifierView.swift; sourceTree = "<group>"; };
		1499166225688E56000FBD1B /* QGrid.swift */ = {isa = PBXFileReference; lastKnownFileType = sourcecode.swift; path = QGrid.swift; sourceTree = "<group>"; };
/* End PBXFileReference section */

/* Begin PBXFrameworksBuildPhase section */
		1445C41425684C140089AF67 /* Frameworks */ = {
			isa = PBXFrameworksBuildPhase;
			buildActionMask = 2147483647;
			files = (
			);
			runOnlyForDeploymentPostprocessing = 0;
		};
/* End PBXFrameworksBuildPhase section */

/* Begin PBXGroup section */
		1445C40E25684C140089AF67 = {
			isa = PBXGroup;
			children = (
				1445C41925684C140089AF67 /* MagneticPoetry */,
				1445C41825684C140089AF67 /* Products */,
			);
			sourceTree = "<group>";
		};
		1445C41825684C140089AF67 /* Products */ = {
			isa = PBXGroup;
			children = (
				1445C41725684C140089AF67 /* MagneticPoetry.app */,
			);
			name = Products;
			sourceTree = "<group>";
		};
		1445C41925684C140089AF67 /* MagneticPoetry */ = {
			isa = PBXGroup;
			children = (
				1445C41C25684C140089AF67 /* ContentView.swift */,
				1466DD9E2569D15A0098C17D /* NewWord.swift */,
				14434E4025694B2D0096AD65 /* WordMaker.swift */,
				1466DDA5256A064F0098C17D /* WordView.swift */,
				14814D0C256CAC47006E19D1 /* ModifiersView.swift */,
				14814D0F256CACA7006E19D1 /* ModifierView.swift */,
				1466DDA9256A06870098C17D /* PartOfSpeechView.swift */,
				1466DDAE256A07DA0098C17D /* NewWordMenuView.swift */,
				14434E3C2568A4070096AD65 /* Extensions.swift */,
				1499166225688E56000FBD1B /* QGrid.swift */,
				1445C41A25684C140089AF67 /* MagneticPoetryApp.swift */,
				1445C41E25684C150089AF67 /* Assets.xcassets */,
				1445C42325684C150089AF67 /* Info.plist */,
				1445C42025684C150089AF67 /* Preview Content */,
			);
			path = MagneticPoetry;
			sourceTree = "<group>";
		};
		1445C42025684C150089AF67 /* Preview Content */ = {
			isa = PBXGroup;
			children = (
				1445C42125684C150089AF67 /* Preview Assets.xcassets */,
			);
			path = "Preview Content";
			sourceTree = "<group>";
		};
/* End PBXGroup section */

/* Begin PBXNativeTarget section */
		1445C41625684C140089AF67 /* MagneticPoetry */ = {
			isa = PBXNativeTarget;
			buildConfigurationList = 1445C42625684C150089AF67 /* Build configuration list for PBXNativeTarget "MagneticPoetry" */;
			buildPhases = (
				1445C41325684C140089AF67 /* Sources */,
				1445C41425684C140089AF67 /* Frameworks */,
				1445C41525684C140089AF67 /* Resources */,
			);
			buildRules = (
			);
			dependencies = (
			);
			name = MagneticPoetry;
			productName = MagneticPoetry;
			productReference = 1445C41725684C140089AF67 /* MagneticPoetry.app */;
			productType = "com.apple.product-type.application";
		};
/* End PBXNativeTarget section */

/* Begin PBXProject section */
		1445C40F25684C140089AF67 /* Project object */ = {
			isa = PBXProject;
			attributes = {
				LastSwiftUpdateCheck = 1220;
				LastUpgradeCheck = 1220;
				TargetAttributes = {
					1445C41625684C140089AF67 = {
						CreatedOnToolsVersion = 12.2;
					};
				};
			};
			buildConfigurationList = 1445C41225684C140089AF67 /* Build configuration list for PBXProject "MagneticPoetry" */;
			compatibilityVersion = "Xcode 9.3";
			developmentRegion = en;
			hasScannedForEncodings = 0;
			knownRegions = (
				en,
				Base,
			);
			mainGroup = 1445C40E25684C140089AF67;
			productRefGroup = 1445C41825684C140089AF67 /* Products */;
			projectDirPath = "";
			projectRoot = "";
			targets = (
				1445C41625684C140089AF67 /* MagneticPoetry */,
			);
		};
/* End PBXProject section */

/* Begin PBXResourcesBuildPhase section */
		1445C41525684C140089AF67 /* Resources */ = {
			isa = PBXResourcesBuildPhase;
			buildActionMask = 2147483647;
			files = (
				1445C42225684C150089AF67 /* Preview Assets.xcassets in Resources */,
				1445C41F25684C150089AF67 /* Assets.xcassets in Resources */,
			);
			runOnlyForDeploymentPostprocessing = 0;
		};
/* End PBXResourcesBuildPhase section */

/* Begin PBXSourcesBuildPhase section */
		1445C41325684C140089AF67 /* Sources */ = {
			isa = PBXSourcesBuildPhase;
			buildActionMask = 2147483647;
			files = (
				1466DDA6256A064F0098C17D /* WordView.swift in Sources */,
				1466DD9F2569D15A0098C17D /* NewWord.swift in Sources */,
				1445C41D25684C140089AF67 /* ContentView.swift in Sources */,
				1466DDAA256A06870098C17D /* PartOfSpeechView.swift in Sources */,
				14814D0D256CAC47006E19D1 /* ModifiersView.swift in Sources */,
				1466DDAF256A07DA0098C17D /* NewWordMenuView.swift in Sources */,
				1445C41B25684C140089AF67 /* MagneticPoetryApp.swift in Sources */,
				1499166325688E56000FBD1B /* QGrid.swift in Sources */,
				14814D10256CACA7006E19D1 /* ModifierView.swift in Sources */,
				14434E3D2568A4070096AD65 /* Extensions.swift in Sources */,
				14434E4125694B2D0096AD65 /* WordMaker.swift in Sources */,
			);
			runOnlyForDeploymentPostprocessing = 0;
		};
/* End PBXSourcesBuildPhase section */

/* Begin XCBuildConfiguration section */
		1445C42425684C150089AF67 /* Debug */ = {
			isa = XCBuildConfiguration;
			buildSettings = {
				ALWAYS_SEARCH_USER_PATHS = NO;
				CLANG_ANALYZER_NONNULL = YES;
				CLANG_ANALYZER_NUMBER_OBJECT_CONVERSION = YES_AGGRESSIVE;
				CLANG_CXX_LANGUAGE_STANDARD = "gnu++14";
				CLANG_CXX_LIBRARY = "libc++";
				CLANG_ENABLE_MODULES = YES;
				CLANG_ENABLE_OBJC_ARC = YES;
				CLANG_ENABLE_OBJC_WEAK = YES;
				CLANG_WARN_BLOCK_CAPTURE_AUTORELEASING = YES;
				CLANG_WARN_BOOL_CONVERSION = YES;
				CLANG_WARN_COMMA = YES;
				CLANG_WARN_CONSTANT_CONVERSION = YES;
				CLANG_WARN_DEPRECATED_OBJC_IMPLEMENTATIONS = YES;
				CLANG_WARN_DIRECT_OBJC_ISA_USAGE = YES_ERROR;
				CLANG_WARN_DOCUMENTATION_COMMENTS = YES;
				CLANG_WARN_EMPTY_BODY = YES;
				CLANG_WARN_ENUM_CONVERSION = YES;
				CLANG_WARN_INFINITE_RECURSION = YES;
				CLANG_WARN_INT_CONVERSION = YES;
				CLANG_WARN_NON_LITERAL_NULL_CONVERSION = YES;
				CLANG_WARN_OBJC_IMPLICIT_RETAIN_SELF = YES;
				CLANG_WARN_OBJC_LITERAL_CONVERSION = YES;
				CLANG_WARN_OBJC_ROOT_CLASS = YES_ERROR;
				CLANG_WARN_QUOTED_INCLUDE_IN_FRAMEWORK_HEADER = YES;
				CLANG_WARN_RANGE_LOOP_ANALYSIS = YES;
				CLANG_WARN_STRICT_PROTOTYPES = YES;
				CLANG_WARN_SUSPICIOUS_MOVE = YES;
				CLANG_WARN_UNGUARDED_AVAILABILITY = YES_AGGRESSIVE;
				CLANG_WARN_UNREACHABLE_CODE = YES;
				CLANG_WARN__DUPLICATE_METHOD_MATCH = YES;
				COPY_PHASE_STRIP = NO;
				DEBUG_INFORMATION_FORMAT = dwarf;
				ENABLE_STRICT_OBJC_MSGSEND = YES;
				ENABLE_TESTABILITY = YES;
				GCC_C_LANGUAGE_STANDARD = gnu11;
				GCC_DYNAMIC_NO_PIC = NO;
				GCC_NO_COMMON_BLOCKS = YES;
				GCC_OPTIMIZATION_LEVEL = 0;
				GCC_PREPROCESSOR_DEFINITIONS = (
					"DEBUG=1",
					"$(inherited)",
				);
				GCC_WARN_64_TO_32_BIT_CONVERSION = YES;
				GCC_WARN_ABOUT_RETURN_TYPE = YES_ERROR;
				GCC_WARN_UNDECLARED_SELECTOR = YES;
				GCC_WARN_UNINITIALIZED_AUTOS = YES_AGGRESSIVE;
				GCC_WARN_UNUSED_FUNCTION = YES;
				GCC_WARN_UNUSED_VARIABLE = YES;
				IPHONEOS_DEPLOYMENT_TARGET = 14.2;
				MTL_ENABLE_DEBUG_INFO = INCLUDE_SOURCE;
				MTL_FAST_MATH = YES;
				ONLY_ACTIVE_ARCH = YES;
				SDKROOT = iphoneos;
				SWIFT_ACTIVE_COMPILATION_CONDITIONS = DEBUG;
				SWIFT_OPTIMIZATION_LEVEL = "-Onone";
			};
			name = Debug;
		};
		1445C42525684C150089AF67 /* Release */ = {
			isa = XCBuildConfiguration;
			buildSettings = {
				ALWAYS_SEARCH_USER_PATHS = NO;
				CLANG_ANALYZER_NONNULL = YES;
				CLANG_ANALYZER_NUMBER_OBJECT_CONVERSION = YES_AGGRESSIVE;
				CLANG_CXX_LANGUAGE_STANDARD = "gnu++14";
				CLANG_CXX_LIBRARY = "libc++";
				CLANG_ENABLE_MODULES = YES;
				CLANG_ENABLE_OBJC_ARC = YES;
				CLANG_ENABLE_OBJC_WEAK = YES;
				CLANG_WARN_BLOCK_CAPTURE_AUTORELEASING = YES;
				CLANG_WARN_BOOL_CONVERSION = YES;
				CLANG_WARN_COMMA = YES;
				CLANG_WARN_CONSTANT_CONVERSION = YES;
				CLANG_WARN_DEPRECATED_OBJC_IMPLEMENTATIONS = YES;
				CLANG_WARN_DIRECT_OBJC_ISA_USAGE = YES_ERROR;
				CLANG_WARN_DOCUMENTATION_COMMENTS = YES;
				CLANG_WARN_EMPTY_BODY = YES;
				CLANG_WARN_ENUM_CONVERSION = YES;
				CLANG_WARN_INFINITE_RECURSION = YES;
				CLANG_WARN_INT_CONVERSION = YES;
				CLANG_WARN_NON_LITERAL_NULL_CONVERSION = YES;
				CLANG_WARN_OBJC_IMPLICIT_RETAIN_SELF = YES;
				CLANG_WARN_OBJC_LITERAL_CONVERSION = YES;
				CLANG_WARN_OBJC_ROOT_CLASS = YES_ERROR;
				CLANG_WARN_QUOTED_INCLUDE_IN_FRAMEWORK_HEADER = YES;
				CLANG_WARN_RANGE_LOOP_ANALYSIS = YES;
				CLANG_WARN_STRICT_PROTOTYPES = YES;
				CLANG_WARN_SUSPICIOUS_MOVE = YES;
				CLANG_WARN_UNGUARDED_AVAILABILITY = YES_AGGRESSIVE;
				CLANG_WARN_UNREACHABLE_CODE = YES;
				CLANG_WARN__DUPLICATE_METHOD_MATCH = YES;
				COPY_PHASE_STRIP = NO;
				DEBUG_INFORMATION_FORMAT = "dwarf-with-dsym";
				ENABLE_NS_ASSERTIONS = NO;
				ENABLE_STRICT_OBJC_MSGSEND = YES;
				GCC_C_LANGUAGE_STANDARD = gnu11;
				GCC_NO_COMMON_BLOCKS = YES;
				GCC_WARN_64_TO_32_BIT_CONVERSION = YES;
				GCC_WARN_ABOUT_RETURN_TYPE = YES_ERROR;
				GCC_WARN_UNDECLARED_SELECTOR = YES;
				GCC_WARN_UNINITIALIZED_AUTOS = YES_AGGRESSIVE;
				GCC_WARN_UNUSED_FUNCTION = YES;
				GCC_WARN_UNUSED_VARIABLE = YES;
				IPHONEOS_DEPLOYMENT_TARGET = 14.2;
				MTL_ENABLE_DEBUG_INFO = NO;
				MTL_FAST_MATH = YES;
				SDKROOT = iphoneos;
				SWIFT_COMPILATION_MODE = wholemodule;
				SWIFT_OPTIMIZATION_LEVEL = "-O";
				VALIDATE_PRODUCT = YES;
			};
			name = Release;
		};
		1445C42725684C150089AF67 /* Debug */ = {
			isa = XCBuildConfiguration;
			buildSettings = {
				ASSETCATALOG_COMPILER_APPICON_NAME = AppIcon;
				ASSETCATALOG_COMPILER_GLOBAL_ACCENT_COLOR_NAME = AccentColor;
				CODE_SIGN_STYLE = Automatic;
				DEVELOPMENT_ASSET_PATHS = "\"MagneticPoetry/Preview Content\"";
				DEVELOPMENT_TEAM = RGM9JAFXFM;
				ENABLE_PREVIEWS = YES;
				INFOPLIST_FILE = MagneticPoetry/Info.plist;
				IPHONEOS_DEPLOYMENT_TARGET = 14.0;
				LD_RUNPATH_SEARCH_PATHS = (
					"$(inherited)",
					"@executable_path/Frameworks",
				);
				PRODUCT_BUNDLE_IDENTIFIER = com.NoahBrauner.MagneticPoetry;
				PRODUCT_NAME = "$(TARGET_NAME)";
				SWIFT_VERSION = 5.0;
				TARGETED_DEVICE_FAMILY = "1,2";
			};
			name = Debug;
		};
		1445C42825684C150089AF67 /* Release */ = {
			isa = XCBuildConfiguration;
			buildSettings = {
				ASSETCATALOG_COMPILER_APPICON_NAME = AppIcon;
				ASSETCATALOG_COMPILER_GLOBAL_ACCENT_COLOR_NAME = AccentColor;
				CODE_SIGN_STYLE = Automatic;
				DEVELOPMENT_ASSET_PATHS = "\"MagneticPoetry/Preview Content\"";
				DEVELOPMENT_TEAM = RGM9JAFXFM;
				ENABLE_PREVIEWS = YES;
				INFOPLIST_FILE = MagneticPoetry/Info.plist;
				IPHONEOS_DEPLOYMENT_TARGET = 14.0;
				LD_RUNPATH_SEARCH_PATHS = (
					"$(inherited)",
					"@executable_path/Frameworks",
				);
				PRODUCT_BUNDLE_IDENTIFIER = com.NoahBrauner.MagneticPoetry;
				PRODUCT_NAME = "$(TARGET_NAME)";
				SWIFT_VERSION = 5.0;
				TARGETED_DEVICE_FAMILY = "1,2";
			};
			name = Release;
		};
/* End XCBuildConfiguration section */

/* Begin XCConfigurationList section */
		1445C41225684C140089AF67 /* Build configuration list for PBXProject "MagneticPoetry" */ = {
			isa = XCConfigurationList;
			buildConfigurations = (
				1445C42425684C150089AF67 /* Debug */,
				1445C42525684C150089AF67 /* Release */,
			);
			defaultConfigurationIsVisible = 0;
			defaultConfigurationName = Release;
		};
		1445C42625684C150089AF67 /* Build configuration list for PBXNativeTarget "MagneticPoetry" */ = {
			isa = XCConfigurationList;
			buildConfigurations = (
				1445C42725684C150089AF67 /* Debug */,
				1445C42825684C150089AF67 /* Release */,
			);
			defaultConfigurationIsVisible = 0;
			defaultConfigurationName = Release;
		};
/* End XCConfigurationList section */
	};
	rootObject = 1445C40F25684C140089AF67 /* Project object */;
}
